
Microsoft Visual Studio Solution File, Format Version 12.00
# Visual Studio Version 17
VisualStudioVersion = 17.9.34723.18
MinimumVisualStudioVersion = 10.0.40219.1
Project("{FAE04EC0-301F-11D3-BF4B-00C04F79EFBC}") = "DependencyInjection", "DependencyInjection\DependencyInjection.csproj", "{97EEC458-EE8A-458E-953E-1053751E860E}"
EndProject
Global
	GlobalSection(SolutionConfigurationPlatforms) = preSolution
		Debug|Any CPU = Debug|Any CPU
		Release|Any CPU = Release|Any CPU
	EndGlobalSection
	GlobalSection(ProjectConfigurationPlatforms) = postSolution
		{97EEC458-EE8A-458E-953E-1053751E860E}.Debug|Any CPU.ActiveCfg = Debug|Any CPU
		{97EEC458-EE8A-458E-953E-1053751E860E}.Debug|Any CPU.Build.0 = Debug|Any CPU
		{97EEC458-EE8A-458E-953E-1053751E860E}.Release|Any CPU.ActiveCfg = Release|Any CPU
		{97EEC458-EE8A-458E-953E-1053751E860E}.Release|Any CPU.Build.0 = Release|Any CPU
	EndGlobalSection
	GlobalSection(SolutionProperties) = preSolution
		HideSolutionNode = FALSE
	EndGlobalSection
	GlobalSection(ExtensibilityGlobals) = postSolution
		SolutionGuid = {CC2C5D3A-2D50-44CD-A7E3-5DB952431B51}
	EndGlobalSection
EndGlobal
